
Microsoft Visual Studio Solution File, Format Version 12.00
# Visual Studio 15
VisualStudioVersion = 15.0.28307.572
MinimumVisualStudioVersion = 10.0.40219.1
Project("{FAE04EC0-301F-11D3-BF4B-00C04F79EFBC}") = "numb_recpg", "numb_recpg\numb_recpg.csproj", "{DC8195EB-972C-449E-B8C8-6492F43FA8CA}"
EndProject
Global
	GlobalSection(SolutionConfigurationPlatforms) = preSolution
		Debug|Any CPU = Debug|Any CPU
		Debug|x64 = Debug|x64
		Debug|x86 = Debug|x86
		Release|Any CPU = Release|Any CPU
		Release|x64 = Release|x64
		Release|x86 = Release|x86
	EndGlobalSection
	GlobalSection(ProjectConfigurationPlatforms) = postSolution
		{DC8195EB-972C-449E-B8C8-6492F43FA8CA}.Debug|Any CPU.ActiveCfg = Debug|Any CPU
		{DC8195EB-972C-449E-B8C8-6492F43FA8CA}.Debug|Any CPU.Build.0 = Debug|Any CPU
		{DC8195EB-972C-449E-B8C8-6492F43FA8CA}.Debug|x64.ActiveCfg = Debug|x64
		{DC8195EB-972C-449E-B8C8-6492F43FA8CA}.Debug|x64.Build.0 = Debug|x64
		{DC8195EB-972C-449E-B8C8-6492F43FA8CA}.Debug|x86.ActiveCfg = Debug|x86
		{DC8195EB-972C-449E-B8C8-6492F43FA8CA}.Debug|x86.Build.0 = Debug|x86
		{DC8195EB-972C-449E-B8C8-6492F43FA8CA}.Release|Any CPU.ActiveCfg = Release|Any CPU
		{DC8195EB-972C-449E-B8C8-6492F43FA8CA}.Release|Any CPU.Build.0 = Release|Any CPU
		{DC8195EB-972C-449E-B8C8-6492F43FA8CA}.Release|x64.ActiveCfg = Release|x64
		{DC8195EB-972C-449E-B8C8-6492F43FA8CA}.Release|x64.Build.0 = Release|x64
		{DC8195EB-972C-449E-B8C8-6492F43FA8CA}.Release|x86.ActiveCfg = Release|x86
		{DC8195EB-972C-449E-B8C8-6492F43FA8CA}.Release|x86.Build.0 = Release|x86
	EndGlobalSection
	GlobalSection(SolutionProperties) = preSolution
		HideSolutionNode = FALSE
	EndGlobalSection
	GlobalSection(ExtensibilityGlobals) = postSolution
		SolutionGuid = {2F809A1E-C453-4BDD-AE40-01DD6A604A36}
	EndGlobalSection
EndGlobal
